
Microsoft Visual Studio Solution File, Format Version 12.00
Project("{FAE04EC0-301F-11D3-BF4B-00C04F79EFBC}") = "GUI", "GUI\GUI.csproj", "{5758F197-F652-4FC4-ABB8-C13865A5AEEA}"
EndProject
Project("{FAE04EC0-301F-11D3-BF4B-00C04F79EFBC}") = "Model", "Model\Model.csproj", "{A59B2EC1-7F76-49CB-91A9-F1EB750749CD}"
EndProject
Project("{FAE04EC0-301F-11D3-BF4B-00C04F79EFBC}") = "Domain", "Domain\Domain.csproj", "{E9CD9D80-A128-487F-B3AC-CE6B024F582F}"
EndProject
Global
	GlobalSection(SolutionConfigurationPlatforms) = preSolution
		Debug|Any CPU = Debug|Any CPU
		Release|Any CPU = Release|Any CPU
	EndGlobalSection
	GlobalSection(ProjectConfigurationPlatforms) = postSolution
		{5758F197-F652-4FC4-ABB8-C13865A5AEEA}.Debug|Any CPU.ActiveCfg = Debug|Any CPU
		{5758F197-F652-4FC4-ABB8-C13865A5AEEA}.Debug|Any CPU.Build.0 = Debug|Any CPU
		{5758F197-F652-4FC4-ABB8-C13865A5AEEA}.Release|Any CPU.ActiveCfg = Release|Any CPU
		{5758F197-F652-4FC4-ABB8-C13865A5AEEA}.Release|Any CPU.Build.0 = Release|Any CPU
		{A59B2EC1-7F76-49CB-91A9-F1EB750749CD}.Debug|Any CPU.ActiveCfg = Debug|Any CPU
		{A59B2EC1-7F76-49CB-91A9-F1EB750749CD}.Debug|Any CPU.Build.0 = Debug|Any CPU
		{A59B2EC1-7F76-49CB-91A9-F1EB750749CD}.Release|Any CPU.ActiveCfg = Release|Any CPU
		{A59B2EC1-7F76-49CB-91A9-F1EB750749CD}.Release|Any CPU.Build.0 = Release|Any CPU
		{E9CD9D80-A128-487F-B3AC-CE6B024F582F}.Debug|Any CPU.ActiveCfg = Debug|Any CPU
		{E9CD9D80-A128-487F-B3AC-CE6B024F582F}.Debug|Any CPU.Build.0 = Debug|Any CPU
		{E9CD9D80-A128-487F-B3AC-CE6B024F582F}.Release|Any CPU.ActiveCfg = Release|Any CPU
		{E9CD9D80-A128-487F-B3AC-CE6B024F582F}.Release|Any CPU.Build.0 = Release|Any CPU
	EndGlobalSection
EndGlobal
